// !$*UTF8*$!
{
	archiveVersion = 1;
	classes = {
	};
	objectVersion = 46;
	objects = {

/* Begin PBXBuildFile section */
		74D6DAA81CBEBAF400953332 /* AppDelegate.swift in Sources */ = {isa = PBXBuildFile; fileRef = 74D6DAA71CBEBAF400953332 /* AppDelegate.swift */; };
		74D6DAAD1CBEBAF400953332 /* Main.storyboard in Resources */ = {isa = PBXBuildFile; fileRef = 74D6DAAB1CBEBAF400953332 /* Main.storyboard */; };
		74D6DAAF1CBEBAF400953332 /* Assets.xcassets in Resources */ = {isa = PBXBuildFile; fileRef = 74D6DAAE1CBEBAF400953332 /* Assets.xcassets */; };
		74D6DAB21CBEBAF400953332 /* LaunchScreen.storyboard in Resources */ = {isa = PBXBuildFile; fileRef = 74D6DAB01CBEBAF400953332 /* LaunchScreen.storyboard */; };
		74D6DABA1CBEBBD200953332 /* HappinessViewController.swift in Sources */ = {isa = PBXBuildFile; fileRef = 74D6DAB91CBEBBD200953332 /* HappinessViewController.swift */; };
		74D6DABC1CBEBD2D00953332 /* FaceView.swift in Sources */ = {isa = PBXBuildFile; fileRef = 74D6DABB1CBEBD2D00953332 /* FaceView.swift */; };
/* End PBXBuildFile section */

/* Begin PBXFileReference section */
		74D6DAA41CBEBAF300953332 /* Happiness.app */ = {isa = PBXFileReference; explicitFileType = wrapper.application; includeInIndex = 0; path = Happiness.app; sourceTree = BUILT_PRODUCTS_DIR; };
		74D6DAA71CBEBAF400953332 /* AppDelegate.swift */ = {isa = PBXFileReference; lastKnownFileType = sourcecode.swift; path = AppDelegate.swift; sourceTree = "<group>"; };
		74D6DAAC1CBEBAF400953332 /* Base */ = {isa = PBXFileReference; lastKnownFileType = file.storyboard; name = Base; path = Base.lproj/Main.storyboard; sourceTree = "<group>"; };
		74D6DAAE1CBEBAF400953332 /* Assets.xcassets */ = {isa = PBXFileReference; lastKnownFileType = folder.assetcatalog; path = Assets.xcassets; sourceTree = "<group>"; };
		74D6DAB11CBEBAF400953332 /* Base */ = {isa = PBXFileReference; lastKnownFileType = file.storyboard; name = Base; path = Base.lproj/LaunchScreen.storyboard; sourceTree = "<group>"; };
		74D6DAB31CBEBAF400953332 /* Info.plist */ = {isa = PBXFileReference; lastKnownFileType = text.plist.xml; path = Info.plist; sourceTree = "<group>"; };
		74D6DAB91CBEBBD200953332 /* HappinessViewController.swift */ = {isa = PBXFileReference; fileEncoding = 4; lastKnownFileType = sourcecode.swift; path = HappinessViewController.swift; sourceTree = SOURCE_ROOT; };
		74D6DABB1CBEBD2D00953332 /* FaceView.swift */ = {isa = PBXFileReference; fileEncoding = 4; lastKnownFileType = sourcecode.swift; path = FaceView.swift; sourceTree = "<group>"; };
/* End PBXFileReference section */

/* Begin PBXFrameworksBuildPhase section */
		74D6DAA11CBEBAF300953332 /* Frameworks */ = {
			isa = PBXFrameworksBuildPhase;
			buildActionMask = 2147483647;
			files = (
			);
			runOnlyForDeploymentPostprocessing = 0;
		};
/* End PBXFrameworksBuildPhase section */

/* Begin PBXGroup section */
		74D6DA9B1CBEBAF300953332 = {
			isa = PBXGroup;
			children = (
				74D6DAA61CBEBAF300953332 /* Happiness */,
				74D6DAA51CBEBAF300953332 /* Products */,
			);
			sourceTree = "<group>";
		};
		74D6DAA51CBEBAF300953332 /* Products */ = {
			isa = PBXGroup;
			children = (
				74D6DAA41CBEBAF300953332 /* Happiness.app */,
			);
			name = Products;
			sourceTree = "<group>";
		};
		74D6DAA61CBEBAF300953332 /* Happiness */ = {
			isa = PBXGroup;
			children = (
				74D6DAA71CBEBAF400953332 /* AppDelegate.swift */,
				74D6DAAB1CBEBAF400953332 /* Main.storyboard */,
				74D6DABB1CBEBD2D00953332 /* FaceView.swift */,
				74D6DAB91CBEBBD200953332 /* HappinessViewController.swift */,
				74D6DAAE1CBEBAF400953332 /* Assets.xcassets */,
				74D6DAB01CBEBAF400953332 /* LaunchScreen.storyboard */,
				74D6DAB31CBEBAF400953332 /* Info.plist */,
			);
			path = Happiness;
			sourceTree = "<group>";
		};
/* End PBXGroup section */

/* Begin PBXNativeTarget section */
		74D6DAA31CBEBAF300953332 /* Happiness */ = {
			isa = PBXNativeTarget;
			buildConfigurationList = 74D6DAB61CBEBAF400953332 /* Build configuration list for PBXNativeTarget "Happiness" */;
			buildPhases = (
				74D6DAA01CBEBAF300953332 /* Sources */,
				74D6DAA11CBEBAF300953332 /* Frameworks */,
				74D6DAA21CBEBAF300953332 /* Resources */,
			);
			buildRules = (
			);
			dependencies = (
			);
			name = Happiness;
			productName = Happiness;
			productReference = 74D6DAA41CBEBAF300953332 /* Happiness.app */;
			productType = "com.apple.product-type.application";
		};
/* End PBXNativeTarget section */

/* Begin PBXProject section */
		74D6DA9C1CBEBAF300953332 /* Project object */ = {
			isa = PBXProject;
			attributes = {
				LastSwiftUpdateCheck = 0730;
				LastUpgradeCheck = 0730;
				ORGANIZATIONNAME = "Isaac Perry";
				TargetAttributes = {
					74D6DAA31CBEBAF300953332 = {
						CreatedOnToolsVersion = 7.3;
					};
				};
			};
			buildConfigurationList = 74D6DA9F1CBEBAF300953332 /* Build configuration list for PBXProject "Happiness" */;
			compatibilityVersion = "Xcode 3.2";
			developmentRegion = English;
			hasScannedForEncodings = 0;
			knownRegions = (
				en,
				Base,
			);
			mainGroup = 74D6DA9B1CBEBAF300953332;
			productRefGroup = 74D6DAA51CBEBAF300953332 /* Products */;
			projectDirPath = "";
			projectRoot = "";
			targets = (
				74D6DAA31CBEBAF300953332 /* Happiness */,
			);
		};
/* End PBXProject section */

/* Begin PBXResourcesBuildPhase section */
		74D6DAA21CBEBAF300953332 /* Resources */ = {
			isa = PBXResourcesBuildPhase;
			buildActionMask = 2147483647;
			files = (
				74D6DAB21CBEBAF400953332 /* LaunchScreen.storyboard in Resources */,
				74D6DAAF1CBEBAF400953332 /* Assets.xcassets in Resources */,
				74D6DAAD1CBEBAF400953332 /* Main.storyboard in Resources */,
			);
			runOnlyForDeploymentPostprocessing = 0;
		};
/* End PBXResourcesBuildPhase section */

/* Begin PBXSourcesBuildPhase section */
		74D6DAA01CBEBAF300953332 /* Sources */ = {
			isa = PBXSourcesBuildPhase;
			buildActionMask = 2147483647;
			files = (
				74D6DABA1CBEBBD200953332 /* HappinessViewController.swift in Sources */,
				74D6DAA81CBEBAF400953332 /* AppDelegate.swift in Sources */,
				74D6DABC1CBEBD2D00953332 /* FaceView.swift in Sources */,
			);
			runOnlyForDeploymentPostprocessing = 0;
		};
/* End PBXSourcesBuildPhase section */

/* Begin PBXVariantGroup section */
		74D6DAAB1CBEBAF400953332 /* Main.storyboard */ = {
			isa = PBXVariantGroup;
			children = (
				74D6DAAC1CBEBAF400953332 /* Base */,
			);
			name = Main.storyboard;
			sourceTree = "<group>";
		};
		74D6DAB01CBEBAF400953332 /* LaunchScreen.storyboard */ = {
			isa = PBXVariantGroup;
			children = (
				74D6DAB11CBEBAF400953332 /* Base */,
			);
			name = LaunchScreen.storyboard;
			sourceTree = "<group>";
		};
/* End PBXVariantGroup section */

/* Begin XCBuildConfiguration section */
		74D6DAB41CBEBAF400953332 /* Debug */ = {
			isa = XCBuildConfiguration;
			buildSettings = {
				ALWAYS_SEARCH_USER_PATHS = NO;
				CLANG_ANALYZER_NONNULL = YES;
				CLANG_CXX_LANGUAGE_STANDARD = "gnu++0x";
				CLANG_CXX_LIBRARY = "libc++";
				CLANG_ENABLE_MODULES = YES;
				CLANG_ENABLE_OBJC_ARC = YES;
				CLANG_WARN_BOOL_CONVERSION = YES;
				CLANG_WARN_CONSTANT_CONVERSION = YES;
				CLANG_WARN_DIRECT_OBJC_ISA_USAGE = YES_ERROR;
				CLANG_WARN_EMPTY_BODY = YES;
				CLANG_WARN_ENUM_CONVERSION = YES;
				CLANG_WARN_INT_CONVERSION = YES;
				CLANG_WARN_OBJC_ROOT_CLASS = YES_ERROR;
				CLANG_WARN_UNREACHABLE_CODE = YES;
				CLANG_WARN__DUPLICATE_METHOD_MATCH = YES;
				"CODE_SIGN_IDENTITY[sdk=iphoneos*]" = "iPhone Developer";
				COPY_PHASE_STRIP = NO;
				DEBUG_INFORMATION_FORMAT = dwarf;
				ENABLE_STRICT_OBJC_MSGSEND = YES;
				ENABLE_TESTABILITY = YES;
				GCC_C_LANGUAGE_STANDARD = gnu99;
				GCC_DYNAMIC_NO_PIC = NO;
				GCC_NO_COMMON_BLOCKS = YES;
				GCC_OPTIMIZATION_LEVEL = 0;
				GCC_PREPROCESSOR_DEFINITIONS = (
					"DEBUG=1",
					"$(inherited)",
				);
				GCC_WARN_64_TO_32_BIT_CONVERSION = YES;
				GCC_WARN_ABOUT_RETURN_TYPE = YES_ERROR;
				GCC_WARN_UNDECLARED_SELECTOR = YES;
				GCC_WARN_UNINITIALIZED_AUTOS = YES_AGGRESSIVE;
				GCC_WARN_UNUSED_FUNCTION = YES;
				GCC_WARN_UNUSED_VARIABLE = YES;
				IPHONEOS_DEPLOYMENT_TARGET = 9.3;
				MTL_ENABLE_DEBUG_INFO = YES;
				ONLY_ACTIVE_ARCH = YES;
				SDKROOT = iphoneos;
				SWIFT_OPTIMIZATION_LEVEL = "-Onone";
				TARGETED_DEVICE_FAMILY = "1,2";
			};
			name = Debug;
		};
		74D6DAB51CBEBAF400953332 /* Release */ = {
			isa = XCBuildConfiguration;
			buildSettings = {
				ALWAYS_SEARCH_USER_PATHS = NO;
				CLANG_ANALYZER_NONNULL = YES;
				CLANG_CXX_LANGUAGE_STANDARD = "gnu++0x";
				CLANG_CXX_LIBRARY = "libc++";
				CLANG_ENABLE_MODULES = YES;
				CLANG_ENABLE_OBJC_ARC = YES;
				CLANG_WARN_BOOL_CONVERSION = YES;
				CLANG_WARN_CONSTANT_CONVERSION = YES;
				CLANG_WARN_DIRECT_OBJC_ISA_USAGE = YES_ERROR;
				CLANG_WARN_EMPTY_BODY = YES;
				CLANG_WARN_ENUM_CONVERSION = YES;
				CLANG_WARN_INT_CONVERSION = YES;
				CLANG_WARN_OBJC_ROOT_CLASS = YES_ERROR;
				CLANG_WARN_UNREACHABLE_CODE = YES;
				CLANG_WARN__DUPLICATE_METHOD_MATCH = YES;
				"CODE_SIGN_IDENTITY[sdk=iphoneos*]" = "iPhone Developer";
				COPY_PHASE_STRIP = NO;
				DEBUG_INFORMATION_FORMAT = "dwarf-with-dsym";
				ENABLE_NS_ASSERTIONS = NO;
				ENABLE_STRICT_OBJC_MSGSEND = YES;
				GCC_C_LANGUAGE_STANDARD = gnu99;
				GCC_NO_COMMON_BLOCKS = YES;
				GCC_WARN_64_TO_32_BIT_CONVERSION = YES;
				GCC_WARN_ABOUT_RETURN_TYPE = YES_ERROR;
				GCC_WARN_UNDECLARED_SELECTOR = YES;
				GCC_WARN_UNINITIALIZED_AUTOS = YES_AGGRESSIVE;
				GCC_WARN_UNUSED_FUNCTION = YES;
				GCC_WARN_UNUSED_VARIABLE = YES;
				IPHONEOS_DEPLOYMENT_TARGET = 9.3;
				MTL_ENABLE_DEBUG_INFO = NO;
				SDKROOT = iphoneos;
				TARGETED_DEVICE_FAMILY = "1,2";
				VALIDATE_PRODUCT = YES;
			};
			name = Release;
		};
		74D6DAB71CBEBAF400953332 /* Debug */ = {
			isa = XCBuildConfiguration;
			buildSettings = {
				ASSETCATALOG_COMPILER_APPICON_NAME = AppIcon;
				INFOPLIST_FILE = Happiness/Info.plist;
				LD_RUNPATH_SEARCH_PATHS = "$(inherited) @executable_path/Frameworks";
				PRODUCT_BUNDLE_IDENTIFIER = com.games.IsaacPerry.Happiness;
				PRODUCT_NAME = "$(TARGET_NAME)";
			};
			name = Debug;
		};
		74D6DAB81CBEBAF400953332 /* Release */ = {
			isa = XCBuildConfiguration;
			buildSettings = {
				ASSETCATALOG_COMPILER_APPICON_NAME = AppIcon;
				INFOPLIST_FILE = Happiness/Info.plist;
				LD_RUNPATH_SEARCH_PATHS = "$(inherited) @executable_path/Frameworks";
				PRODUCT_BUNDLE_IDENTIFIER = com.games.IsaacPerry.Happiness;
				PRODUCT_NAME = "$(TARGET_NAME)";
			};
			name = Release;
		};
/* End XCBuildConfiguration section */

/* Begin XCConfigurationList section */
		74D6DA9F1CBEBAF300953332 /* Build configuration list for PBXProject "Happiness" */ = {
			isa = XCConfigurationList;
			buildConfigurations = (
				74D6DAB41CBEBAF400953332 /* Debug */,
				74D6DAB51CBEBAF400953332 /* Release */,
			);
			defaultConfigurationIsVisible = 0;
			defaultConfigurationName = Release;
		};
		74D6DAB61CBEBAF400953332 /* Build configuration list for PBXNativeTarget "Happiness" */ = {
			isa = XCConfigurationList;
			buildConfigurations = (
				74D6DAB71CBEBAF400953332 /* Debug */,
				74D6DAB81CBEBAF400953332 /* Release */,
			);
			defaultConfigurationIsVisible = 0;
			defaultConfigurationName = Release;
		};
/* End XCConfigurationList section */
	};
	rootObject = 74D6DA9C1CBEBAF300953332 /* Project object */;
}
