// !$*UTF8*$!
{
	archiveVersion = 1;
	classes = {
	};
	objectVersion = 46;
	objects = {

/* Begin PBXBuildFile section */
		74D6DAE81CBEFCA400953332 /* AppDelegate.swift in Sources */ = {isa = PBXBuildFile; fileRef = 74D6DAE71CBEFCA400953332 /* AppDelegate.swift */; };
		74D6DAEA1CBEFCA400953332 /* PsychologistViewController.swift in Sources */ = {isa = PBXBuildFile; fileRef = 74D6DAE91CBEFCA400953332 /* PsychologistViewController.swift */; };
		74D6DAED1CBEFCA400953332 /* Main.storyboard in Resources */ = {isa = PBXBuildFile; fileRef = 74D6DAEB1CBEFCA400953332 /* Main.storyboard */; };
		74D6DAEF1CBEFCA400953332 /* Assets.xcassets in Resources */ = {isa = PBXBuildFile; fileRef = 74D6DAEE1CBEFCA400953332 /* Assets.xcassets */; };
		74D6DAF21CBEFCA400953332 /* LaunchScreen.storyboard in Resources */ = {isa = PBXBuildFile; fileRef = 74D6DAF01CBEFCA400953332 /* LaunchScreen.storyboard */; };
		74D6DAFC1CBEFF1D00953332 /* FaceView.swift in Sources */ = {isa = PBXBuildFile; fileRef = 74D6DAFA1CBEFF1D00953332 /* FaceView.swift */; };
		74D6DAFD1CBEFF1D00953332 /* HappinessViewController.swift in Sources */ = {isa = PBXBuildFile; fileRef = 74D6DAFB1CBEFF1D00953332 /* HappinessViewController.swift */; };
		74D6DAFF1CC018AC00953332 /* TextViewController.swift in Sources */ = {isa = PBXBuildFile; fileRef = 74D6DAFE1CC018AC00953332 /* TextViewController.swift */; };
		74D6DB011CC01A7100953332 /* DiagnosedHappinessViewController.swift in Sources */ = {isa = PBXBuildFile; fileRef = 74D6DB001CC01A7100953332 /* DiagnosedHappinessViewController.swift */; };
/* End PBXBuildFile section */

/* Begin PBXFileReference section */
		74D6DAE41CBEFCA400953332 /* Psychologist.app */ = {isa = PBXFileReference; explicitFileType = wrapper.application; includeInIndex = 0; path = Psychologist.app; sourceTree = BUILT_PRODUCTS_DIR; };
		74D6DAE71CBEFCA400953332 /* AppDelegate.swift */ = {isa = PBXFileReference; lastKnownFileType = sourcecode.swift; path = AppDelegate.swift; sourceTree = "<group>"; };
		74D6DAE91CBEFCA400953332 /* PsychologistViewController.swift */ = {isa = PBXFileReference; lastKnownFileType = sourcecode.swift; path = PsychologistViewController.swift; sourceTree = "<group>"; };
		74D6DAEC1CBEFCA400953332 /* Base */ = {isa = PBXFileReference; lastKnownFileType = file.storyboard; name = Base; path = Base.lproj/Main.storyboard; sourceTree = "<group>"; };
		74D6DAEE1CBEFCA400953332 /* Assets.xcassets */ = {isa = PBXFileReference; lastKnownFileType = folder.assetcatalog; path = Assets.xcassets; sourceTree = "<group>"; };
		74D6DAF11CBEFCA400953332 /* Base */ = {isa = PBXFileReference; lastKnownFileType = file.storyboard; name = Base; path = Base.lproj/LaunchScreen.storyboard; sourceTree = "<group>"; };
		74D6DAF31CBEFCA400953332 /* Info.plist */ = {isa = PBXFileReference; lastKnownFileType = text.plist.xml; path = Info.plist; sourceTree = "<group>"; };
		74D6DAFA1CBEFF1D00953332 /* FaceView.swift */ = {isa = PBXFileReference; fileEncoding = 4; lastKnownFileType = sourcecode.swift; path = FaceView.swift; sourceTree = "<group>"; };
		74D6DAFB1CBEFF1D00953332 /* HappinessViewController.swift */ = {isa = PBXFileReference; fileEncoding = 4; lastKnownFileType = sourcecode.swift; path = HappinessViewController.swift; sourceTree = "<group>"; };
		74D6DAFE1CC018AC00953332 /* TextViewController.swift */ = {isa = PBXFileReference; fileEncoding = 4; lastKnownFileType = sourcecode.swift; path = TextViewController.swift; sourceTree = "<group>"; };
		74D6DB001CC01A7100953332 /* DiagnosedHappinessViewController.swift */ = {isa = PBXFileReference; fileEncoding = 4; lastKnownFileType = sourcecode.swift; path = DiagnosedHappinessViewController.swift; sourceTree = "<group>"; };
/* End PBXFileReference section */

/* Begin PBXFrameworksBuildPhase section */
		74D6DAE11CBEFCA400953332 /* Frameworks */ = {
			isa = PBXFrameworksBuildPhase;
			buildActionMask = 2147483647;
			files = (
			);
			runOnlyForDeploymentPostprocessing = 0;
		};
/* End PBXFrameworksBuildPhase section */

/* Begin PBXGroup section */
		74D6DADB1CBEFCA400953332 = {
			isa = PBXGroup;
			children = (
				74D6DAE61CBEFCA400953332 /* Psychologist */,
				74D6DAE51CBEFCA400953332 /* Products */,
			);
			sourceTree = "<group>";
		};
		74D6DAE51CBEFCA400953332 /* Products */ = {
			isa = PBXGroup;
			children = (
				74D6DAE41CBEFCA400953332 /* Psychologist.app */,
			);
			name = Products;
			sourceTree = "<group>";
		};
		74D6DAE61CBEFCA400953332 /* Psychologist */ = {
			isa = PBXGroup;
			children = (
				74D6DAFA1CBEFF1D00953332 /* FaceView.swift */,
				74D6DAFB1CBEFF1D00953332 /* HappinessViewController.swift */,
				74D6DAE91CBEFCA400953332 /* PsychologistViewController.swift */,
				74D6DAEB1CBEFCA400953332 /* Main.storyboard */,
				74D6DB001CC01A7100953332 /* DiagnosedHappinessViewController.swift */,
				74D6DAFE1CC018AC00953332 /* TextViewController.swift */,
				74D6DAF91CBEFCB600953332 /* Supporting Files */,
			);
			path = Psychologist;
			sourceTree = "<group>";
		};
		74D6DAF91CBEFCB600953332 /* Supporting Files */ = {
			isa = PBXGroup;
			children = (
				74D6DAF31CBEFCA400953332 /* Info.plist */,
				74D6DAEE1CBEFCA400953332 /* Assets.xcassets */,
				74D6DAF01CBEFCA400953332 /* LaunchScreen.storyboard */,
				74D6DAE71CBEFCA400953332 /* AppDelegate.swift */,
			);
			name = "Supporting Files";
			sourceTree = "<group>";
		};
/* End PBXGroup section */

/* Begin PBXNativeTarget section */
		74D6DAE31CBEFCA400953332 /* Psychologist */ = {
			isa = PBXNativeTarget;
			buildConfigurationList = 74D6DAF61CBEFCA400953332 /* Build configuration list for PBXNativeTarget "Psychologist" */;
			buildPhases = (
				74D6DAE01CBEFCA400953332 /* Sources */,
				74D6DAE11CBEFCA400953332 /* Frameworks */,
				74D6DAE21CBEFCA400953332 /* Resources */,
			);
			buildRules = (
			);
			dependencies = (
			);
			name = Psychologist;
			productName = Psychologist;
			productReference = 74D6DAE41CBEFCA400953332 /* Psychologist.app */;
			productType = "com.apple.product-type.application";
		};
/* End PBXNativeTarget section */

/* Begin PBXProject section */
		74D6DADC1CBEFCA400953332 /* Project object */ = {
			isa = PBXProject;
			attributes = {
				LastSwiftUpdateCheck = 0730;
				LastUpgradeCheck = 0730;
				ORGANIZATIONNAME = "Isaac Perry";
				TargetAttributes = {
					74D6DAE31CBEFCA400953332 = {
						CreatedOnToolsVersion = 7.3;
					};
				};
			};
			buildConfigurationList = 74D6DADF1CBEFCA400953332 /* Build configuration list for PBXProject "Psychologist" */;
			compatibilityVersion = "Xcode 3.2";
			developmentRegion = English;
			hasScannedForEncodings = 0;
			knownRegions = (
				en,
				Base,
			);
			mainGroup = 74D6DADB1CBEFCA400953332;
			productRefGroup = 74D6DAE51CBEFCA400953332 /* Products */;
			projectDirPath = "";
			projectRoot = "";
			targets = (
				74D6DAE31CBEFCA400953332 /* Psychologist */,
			);
		};
/* End PBXProject section */

/* Begin PBXResourcesBuildPhase section */
		74D6DAE21CBEFCA400953332 /* Resources */ = {
			isa = PBXResourcesBuildPhase;
			buildActionMask = 2147483647;
			files = (
				74D6DAF21CBEFCA400953332 /* LaunchScreen.storyboard in Resources */,
				74D6DAEF1CBEFCA400953332 /* Assets.xcassets in Resources */,
				74D6DAED1CBEFCA400953332 /* Main.storyboard in Resources */,
			);
			runOnlyForDeploymentPostprocessing = 0;
		};
/* End PBXResourcesBuildPhase section */

/* Begin PBXSourcesBuildPhase section */
		74D6DAE01CBEFCA400953332 /* Sources */ = {
			isa = PBXSourcesBuildPhase;
			buildActionMask = 2147483647;
			files = (
				74D6DAFF1CC018AC00953332 /* TextViewController.swift in Sources */,
				74D6DAEA1CBEFCA400953332 /* PsychologistViewController.swift in Sources */,
				74D6DAE81CBEFCA400953332 /* AppDelegate.swift in Sources */,
				74D6DB011CC01A7100953332 /* DiagnosedHappinessViewController.swift in Sources */,
				74D6DAFD1CBEFF1D00953332 /* HappinessViewController.swift in Sources */,
				74D6DAFC1CBEFF1D00953332 /* FaceView.swift in Sources */,
			);
			runOnlyForDeploymentPostprocessing = 0;
		};
/* End PBXSourcesBuildPhase section */

/* Begin PBXVariantGroup section */
		74D6DAEB1CBEFCA400953332 /* Main.storyboard */ = {
			isa = PBXVariantGroup;
			children = (
				74D6DAEC1CBEFCA400953332 /* Base */,
			);
			name = Main.storyboard;
			sourceTree = "<group>";
		};
		74D6DAF01CBEFCA400953332 /* LaunchScreen.storyboard */ = {
			isa = PBXVariantGroup;
			children = (
				74D6DAF11CBEFCA400953332 /* Base */,
			);
			name = LaunchScreen.storyboard;
			sourceTree = "<group>";
		};
/* End PBXVariantGroup section */

/* Begin XCBuildConfiguration section */
		74D6DAF41CBEFCA400953332 /* Debug */ = {
			isa = XCBuildConfiguration;
			buildSettings = {
				ALWAYS_SEARCH_USER_PATHS = NO;
				CLANG_ANALYZER_NONNULL = YES;
				CLANG_CXX_LANGUAGE_STANDARD = "gnu++0x";
				CLANG_CXX_LIBRARY = "libc++";
				CLANG_ENABLE_MODULES = YES;
				CLANG_ENABLE_OBJC_ARC = YES;
				CLANG_WARN_BOOL_CONVERSION = YES;
				CLANG_WARN_CONSTANT_CONVERSION = YES;
				CLANG_WARN_DIRECT_OBJC_ISA_USAGE = YES_ERROR;
				CLANG_WARN_EMPTY_BODY = YES;
				CLANG_WARN_ENUM_CONVERSION = YES;
				CLANG_WARN_INT_CONVERSION = YES;
				CLANG_WARN_OBJC_ROOT_CLASS = YES_ERROR;
				CLANG_WARN_UNREACHABLE_CODE = YES;
				CLANG_WARN__DUPLICATE_METHOD_MATCH = YES;
				"CODE_SIGN_IDENTITY[sdk=iphoneos*]" = "iPhone Developer";
				COPY_PHASE_STRIP = NO;
				DEBUG_INFORMATION_FORMAT = dwarf;
				ENABLE_STRICT_OBJC_MSGSEND = YES;
				ENABLE_TESTABILITY = YES;
				GCC_C_LANGUAGE_STANDARD = gnu99;
				GCC_DYNAMIC_NO_PIC = NO;
				GCC_NO_COMMON_BLOCKS = YES;
				GCC_OPTIMIZATION_LEVEL = 0;
				GCC_PREPROCESSOR_DEFINITIONS = (
					"DEBUG=1",
					"$(inherited)",
				);
				GCC_WARN_64_TO_32_BIT_CONVERSION = YES;
				GCC_WARN_ABOUT_RETURN_TYPE = YES_ERROR;
				GCC_WARN_UNDECLARED_SELECTOR = YES;
				GCC_WARN_UNINITIALIZED_AUTOS = YES_AGGRESSIVE;
				GCC_WARN_UNUSED_FUNCTION = YES;
				GCC_WARN_UNUSED_VARIABLE = YES;
				IPHONEOS_DEPLOYMENT_TARGET = 9.3;
				MTL_ENABLE_DEBUG_INFO = YES;
				ONLY_ACTIVE_ARCH = YES;
				SDKROOT = iphoneos;
				SWIFT_OPTIMIZATION_LEVEL = "-Onone";
				TARGETED_DEVICE_FAMILY = "1,2";
			};
			name = Debug;
		};
		74D6DAF51CBEFCA400953332 /* Release */ = {
			isa = XCBuildConfiguration;
			buildSettings = {
				ALWAYS_SEARCH_USER_PATHS = NO;
				CLANG_ANALYZER_NONNULL = YES;
				CLANG_CXX_LANGUAGE_STANDARD = "gnu++0x";
				CLANG_CXX_LIBRARY = "libc++";
				CLANG_ENABLE_MODULES = YES;
				CLANG_ENABLE_OBJC_ARC = YES;
				CLANG_WARN_BOOL_CONVERSION = YES;
				CLANG_WARN_CONSTANT_CONVERSION = YES;
				CLANG_WARN_DIRECT_OBJC_ISA_USAGE = YES_ERROR;
				CLANG_WARN_EMPTY_BODY = YES;
				CLANG_WARN_ENUM_CONVERSION = YES;
				CLANG_WARN_INT_CONVERSION = YES;
				CLANG_WARN_OBJC_ROOT_CLASS = YES_ERROR;
				CLANG_WARN_UNREACHABLE_CODE = YES;
				CLANG_WARN__DUPLICATE_METHOD_MATCH = YES;
				"CODE_SIGN_IDENTITY[sdk=iphoneos*]" = "iPhone Developer";
				COPY_PHASE_STRIP = NO;
				DEBUG_INFORMATION_FORMAT = "dwarf-with-dsym";
				ENABLE_NS_ASSERTIONS = NO;
				ENABLE_STRICT_OBJC_MSGSEND = YES;
				GCC_C_LANGUAGE_STANDARD = gnu99;
				GCC_NO_COMMON_BLOCKS = YES;
				GCC_WARN_64_TO_32_BIT_CONVERSION = YES;
				GCC_WARN_ABOUT_RETURN_TYPE = YES_ERROR;
				GCC_WARN_UNDECLARED_SELECTOR = YES;
				GCC_WARN_UNINITIALIZED_AUTOS = YES_AGGRESSIVE;
				GCC_WARN_UNUSED_FUNCTION = YES;
				GCC_WARN_UNUSED_VARIABLE = YES;
				IPHONEOS_DEPLOYMENT_TARGET = 9.3;
				MTL_ENABLE_DEBUG_INFO = NO;
				SDKROOT = iphoneos;
				TARGETED_DEVICE_FAMILY = "1,2";
				VALIDATE_PRODUCT = YES;
			};
			name = Release;
		};
		74D6DAF71CBEFCA400953332 /* Debug */ = {
			isa = XCBuildConfiguration;
			buildSettings = {
				ASSETCATALOG_COMPILER_APPICON_NAME = AppIcon;
				INFOPLIST_FILE = Psychologist/Info.plist;
				LD_RUNPATH_SEARCH_PATHS = "$(inherited) @executable_path/Frameworks";
				PRODUCT_BUNDLE_IDENTIFIER = com.games.IsaacPerry.Psychologist;
				PRODUCT_NAME = "$(TARGET_NAME)";
			};
			name = Debug;
		};
		74D6DAF81CBEFCA400953332 /* Release */ = {
			isa = XCBuildConfiguration;
			buildSettings = {
				ASSETCATALOG_COMPILER_APPICON_NAME = AppIcon;
				INFOPLIST_FILE = Psychologist/Info.plist;
				LD_RUNPATH_SEARCH_PATHS = "$(inherited) @executable_path/Frameworks";
				PRODUCT_BUNDLE_IDENTIFIER = com.games.IsaacPerry.Psychologist;
				PRODUCT_NAME = "$(TARGET_NAME)";
			};
			name = Release;
		};
/* End XCBuildConfiguration section */

/* Begin XCConfigurationList section */
		74D6DADF1CBEFCA400953332 /* Build configuration list for PBXProject "Psychologist" */ = {
			isa = XCConfigurationList;
			buildConfigurations = (
				74D6DAF41CBEFCA400953332 /* Debug */,
				74D6DAF51CBEFCA400953332 /* Release */,
			);
			defaultConfigurationIsVisible = 0;
			defaultConfigurationName = Release;
		};
		74D6DAF61CBEFCA400953332 /* Build configuration list for PBXNativeTarget "Psychologist" */ = {
			isa = XCConfigurationList;
			buildConfigurations = (
				74D6DAF71CBEFCA400953332 /* Debug */,
				74D6DAF81CBEFCA400953332 /* Release */,
			);
			defaultConfigurationIsVisible = 0;
		};
/* End XCConfigurationList section */
	};
	rootObject = 74D6DADC1CBEFCA400953332 /* Project object */;
}
