// !$*UTF8*$!
{
	archiveVersion = 1;
	classes = {
	};
	objectVersion = 46;
	objects = {

/* Begin PBXBuildFile section */
		740B77A91C654AEA00433F4A /* AppDelegate.swift in Sources */ = {isa = PBXBuildFile; fileRef = 740B77A81C654AEA00433F4A /* AppDelegate.swift */; };
		740B77AB1C654AEA00433F4A /* ViewController.swift in Sources */ = {isa = PBXBuildFile; fileRef = 740B77AA1C654AEA00433F4A /* ViewController.swift */; };
		740B77AE1C654AEA00433F4A /* Main.storyboard in Resources */ = {isa = PBXBuildFile; fileRef = 740B77AC1C654AEA00433F4A /* Main.storyboard */; };
		740B77B01C654AEA00433F4A /* Assets.xcassets in Resources */ = {isa = PBXBuildFile; fileRef = 740B77AF1C654AEA00433F4A /* Assets.xcassets */; };
		740B77B31C654AEA00433F4A /* LaunchScreen.storyboard in Resources */ = {isa = PBXBuildFile; fileRef = 740B77B11C654AEA00433F4A /* LaunchScreen.storyboard */; };
		740B77BE1C654AEA00433F4A /* Food_TrackerTests.swift in Sources */ = {isa = PBXBuildFile; fileRef = 740B77BD1C654AEA00433F4A /* Food_TrackerTests.swift */; };
		74F463C61C691095002CBE4B /* RatingControl.swift in Sources */ = {isa = PBXBuildFile; fileRef = 74F463C51C691095002CBE4B /* RatingControl.swift */; };
/* End PBXBuildFile section */

/* Begin PBXContainerItemProxy section */
		740B77BA1C654AEA00433F4A /* PBXContainerItemProxy */ = {
			isa = PBXContainerItemProxy;
			containerPortal = 740B779D1C654AEA00433F4A /* Project object */;
			proxyType = 1;
			remoteGlobalIDString = 740B77A41C654AEA00433F4A;
			remoteInfo = "Food Tracker";
		};
/* End PBXContainerItemProxy section */

/* Begin PBXFileReference section */
		740B77A51C654AEA00433F4A /* Food Tracker.app */ = {isa = PBXFileReference; explicitFileType = wrapper.application; includeInIndex = 0; path = "Food Tracker.app"; sourceTree = BUILT_PRODUCTS_DIR; };
		740B77A81C654AEA00433F4A /* AppDelegate.swift */ = {isa = PBXFileReference; lastKnownFileType = sourcecode.swift; path = AppDelegate.swift; sourceTree = "<group>"; };
		740B77AA1C654AEA00433F4A /* ViewController.swift */ = {isa = PBXFileReference; lastKnownFileType = sourcecode.swift; path = ViewController.swift; sourceTree = "<group>"; };
		740B77AD1C654AEA00433F4A /* Base */ = {isa = PBXFileReference; lastKnownFileType = file.storyboard; name = Base; path = Base.lproj/Main.storyboard; sourceTree = "<group>"; };
		740B77AF1C654AEA00433F4A /* Assets.xcassets */ = {isa = PBXFileReference; lastKnownFileType = folder.assetcatalog; path = Assets.xcassets; sourceTree = "<group>"; };
		740B77B21C654AEA00433F4A /* Base */ = {isa = PBXFileReference; lastKnownFileType = file.storyboard; name = Base; path = Base.lproj/LaunchScreen.storyboard; sourceTree = "<group>"; };
		740B77B41C654AEA00433F4A /* Info.plist */ = {isa = PBXFileReference; lastKnownFileType = text.plist.xml; path = Info.plist; sourceTree = "<group>"; };
		740B77B91C654AEA00433F4A /* Food TrackerTests.xctest */ = {isa = PBXFileReference; explicitFileType = wrapper.cfbundle; includeInIndex = 0; path = "Food TrackerTests.xctest"; sourceTree = BUILT_PRODUCTS_DIR; };
		740B77BD1C654AEA00433F4A /* Food_TrackerTests.swift */ = {isa = PBXFileReference; lastKnownFileType = sourcecode.swift; path = Food_TrackerTests.swift; sourceTree = "<group>"; };
		740B77BF1C654AEA00433F4A /* Info.plist */ = {isa = PBXFileReference; lastKnownFileType = text.plist.xml; path = Info.plist; sourceTree = "<group>"; };
		74F463C51C691095002CBE4B /* RatingControl.swift */ = {isa = PBXFileReference; fileEncoding = 4; lastKnownFileType = sourcecode.swift; path = RatingControl.swift; sourceTree = "<group>"; };
/* End PBXFileReference section */

/* Begin PBXFrameworksBuildPhase section */
		740B77A21C654AEA00433F4A /* Frameworks */ = {
			isa = PBXFrameworksBuildPhase;
			buildActionMask = 2147483647;
			files = (
			);
			runOnlyForDeploymentPostprocessing = 0;
		};
		740B77B61C654AEA00433F4A /* Frameworks */ = {
			isa = PBXFrameworksBuildPhase;
			buildActionMask = 2147483647;
			files = (
			);
			runOnlyForDeploymentPostprocessing = 0;
		};
/* End PBXFrameworksBuildPhase section */

/* Begin PBXGroup section */
		740B779C1C654AEA00433F4A = {
			isa = PBXGroup;
			children = (
				740B77A71C654AEA00433F4A /* Food Tracker */,
				740B77BC1C654AEA00433F4A /* Food TrackerTests */,
				740B77A61C654AEA00433F4A /* Products */,
			);
			sourceTree = "<group>";
		};
		740B77A61C654AEA00433F4A /* Products */ = {
			isa = PBXGroup;
			children = (
				740B77A51C654AEA00433F4A /* Food Tracker.app */,
				740B77B91C654AEA00433F4A /* Food TrackerTests.xctest */,
			);
			name = Products;
			sourceTree = "<group>";
		};
		740B77A71C654AEA00433F4A /* Food Tracker */ = {
			isa = PBXGroup;
			children = (
				740B77A81C654AEA00433F4A /* AppDelegate.swift */,
				740B77AA1C654AEA00433F4A /* ViewController.swift */,
				74F463C51C691095002CBE4B /* RatingControl.swift */,
				740B77AC1C654AEA00433F4A /* Main.storyboard */,
				740B77AF1C654AEA00433F4A /* Assets.xcassets */,
				740B77B11C654AEA00433F4A /* LaunchScreen.storyboard */,
				740B77B41C654AEA00433F4A /* Info.plist */,
			);
			path = "Food Tracker";
			sourceTree = "<group>";
		};
		740B77BC1C654AEA00433F4A /* Food TrackerTests */ = {
			isa = PBXGroup;
			children = (
				740B77BD1C654AEA00433F4A /* Food_TrackerTests.swift */,
				740B77BF1C654AEA00433F4A /* Info.plist */,
			);
			path = "Food TrackerTests";
			sourceTree = "<group>";
		};
/* End PBXGroup section */

/* Begin PBXNativeTarget section */
		740B77A41C654AEA00433F4A /* Food Tracker */ = {
			isa = PBXNativeTarget;
			buildConfigurationList = 740B77C21C654AEA00433F4A /* Build configuration list for PBXNativeTarget "Food Tracker" */;
			buildPhases = (
				740B77A11C654AEA00433F4A /* Sources */,
				740B77A21C654AEA00433F4A /* Frameworks */,
				740B77A31C654AEA00433F4A /* Resources */,
			);
			buildRules = (
			);
			dependencies = (
			);
			name = "Food Tracker";
			productName = "Food Tracker";
			productReference = 740B77A51C654AEA00433F4A /* Food Tracker.app */;
			productType = "com.apple.product-type.application";
		};
		740B77B81C654AEA00433F4A /* Food TrackerTests */ = {
			isa = PBXNativeTarget;
			buildConfigurationList = 740B77C51C654AEA00433F4A /* Build configuration list for PBXNativeTarget "Food TrackerTests" */;
			buildPhases = (
				740B77B51C654AEA00433F4A /* Sources */,
				740B77B61C654AEA00433F4A /* Frameworks */,
				740B77B71C654AEA00433F4A /* Resources */,
			);
			buildRules = (
			);
			dependencies = (
				740B77BB1C654AEA00433F4A /* PBXTargetDependency */,
			);
			name = "Food TrackerTests";
			productName = "Food TrackerTests";
			productReference = 740B77B91C654AEA00433F4A /* Food TrackerTests.xctest */;
			productType = "com.apple.product-type.bundle.unit-test";
		};
/* End PBXNativeTarget section */

/* Begin PBXProject section */
		740B779D1C654AEA00433F4A /* Project object */ = {
			isa = PBXProject;
			attributes = {
				LastSwiftUpdateCheck = 0720;
				LastUpgradeCheck = 0720;
				ORGANIZATIONNAME = "Isaac Perry";
				TargetAttributes = {
					740B77A41C654AEA00433F4A = {
						CreatedOnToolsVersion = 7.2;
						DevelopmentTeam = G349RR4GNU;
					};
					740B77B81C654AEA00433F4A = {
						CreatedOnToolsVersion = 7.2;
						TestTargetID = 740B77A41C654AEA00433F4A;
					};
				};
			};
			buildConfigurationList = 740B77A01C654AEA00433F4A /* Build configuration list for PBXProject "Food Tracker" */;
			compatibilityVersion = "Xcode 3.2";
			developmentRegion = English;
			hasScannedForEncodings = 0;
			knownRegions = (
				en,
				Base,
			);
			mainGroup = 740B779C1C654AEA00433F4A;
			productRefGroup = 740B77A61C654AEA00433F4A /* Products */;
			projectDirPath = "";
			projectRoot = "";
			targets = (
				740B77A41C654AEA00433F4A /* Food Tracker */,
				740B77B81C654AEA00433F4A /* Food TrackerTests */,
			);
		};
/* End PBXProject section */

/* Begin PBXResourcesBuildPhase section */
		740B77A31C654AEA00433F4A /* Resources */ = {
			isa = PBXResourcesBuildPhase;
			buildActionMask = 2147483647;
			files = (
				740B77B31C654AEA00433F4A /* LaunchScreen.storyboard in Resources */,
				740B77B01C654AEA00433F4A /* Assets.xcassets in Resources */,
				740B77AE1C654AEA00433F4A /* Main.storyboard in Resources */,
			);
			runOnlyForDeploymentPostprocessing = 0;
		};
		740B77B71C654AEA00433F4A /* Resources */ = {
			isa = PBXResourcesBuildPhase;
			buildActionMask = 2147483647;
			files = (
			);
			runOnlyForDeploymentPostprocessing = 0;
		};
/* End PBXResourcesBuildPhase section */

/* Begin PBXSourcesBuildPhase section */
		740B77A11C654AEA00433F4A /* Sources */ = {
			isa = PBXSourcesBuildPhase;
			buildActionMask = 2147483647;
			files = (
				740B77AB1C654AEA00433F4A /* ViewController.swift in Sources */,
				74F463C61C691095002CBE4B /* RatingControl.swift in Sources */,
				740B77A91C654AEA00433F4A /* AppDelegate.swift in Sources */,
			);
			runOnlyForDeploymentPostprocessing = 0;
		};
		740B77B51C654AEA00433F4A /* Sources */ = {
			isa = PBXSourcesBuildPhase;
			buildActionMask = 2147483647;
			files = (
				740B77BE1C654AEA00433F4A /* Food_TrackerTests.swift in Sources */,
			);
			runOnlyForDeploymentPostprocessing = 0;
		};
/* End PBXSourcesBuildPhase section */

/* Begin PBXTargetDependency section */
		740B77BB1C654AEA00433F4A /* PBXTargetDependency */ = {
			isa = PBXTargetDependency;
			target = 740B77A41C654AEA00433F4A /* Food Tracker */;
			targetProxy = 740B77BA1C654AEA00433F4A /* PBXContainerItemProxy */;
		};
/* End PBXTargetDependency section */

/* Begin PBXVariantGroup section */
		740B77AC1C654AEA00433F4A /* Main.storyboard */ = {
			isa = PBXVariantGroup;
			children = (
				740B77AD1C654AEA00433F4A /* Base */,
			);
			name = Main.storyboard;
			sourceTree = "<group>";
		};
		740B77B11C654AEA00433F4A /* LaunchScreen.storyboard */ = {
			isa = PBXVariantGroup;
			children = (
				740B77B21C654AEA00433F4A /* Base */,
			);
			name = LaunchScreen.storyboard;
			sourceTree = "<group>";
		};
/* End PBXVariantGroup section */

/* Begin XCBuildConfiguration section */
		740B77C01C654AEA00433F4A /* Debug */ = {
			isa = XCBuildConfiguration;
			buildSettings = {
				ALWAYS_SEARCH_USER_PATHS = NO;
				CLANG_CXX_LANGUAGE_STANDARD = "gnu++0x";
				CLANG_CXX_LIBRARY = "libc++";
				CLANG_ENABLE_MODULES = YES;
				CLANG_ENABLE_OBJC_ARC = YES;
				CLANG_WARN_BOOL_CONVERSION = YES;
				CLANG_WARN_CONSTANT_CONVERSION = YES;
				CLANG_WARN_DIRECT_OBJC_ISA_USAGE = YES_ERROR;
				CLANG_WARN_EMPTY_BODY = YES;
				CLANG_WARN_ENUM_CONVERSION = YES;
				CLANG_WARN_INT_CONVERSION = YES;
				CLANG_WARN_OBJC_ROOT_CLASS = YES_ERROR;
				CLANG_WARN_UNREACHABLE_CODE = YES;
				CLANG_WARN__DUPLICATE_METHOD_MATCH = YES;
				"CODE_SIGN_IDENTITY[sdk=iphoneos*]" = "iPhone Developer";
				COPY_PHASE_STRIP = NO;
				DEBUG_INFORMATION_FORMAT = dwarf;
				ENABLE_STRICT_OBJC_MSGSEND = YES;
				ENABLE_TESTABILITY = YES;
				GCC_C_LANGUAGE_STANDARD = gnu99;
				GCC_DYNAMIC_NO_PIC = NO;
				GCC_NO_COMMON_BLOCKS = YES;
				GCC_OPTIMIZATION_LEVEL = 0;
				GCC_PREPROCESSOR_DEFINITIONS = (
					"DEBUG=1",
					"$(inherited)",
				);
				GCC_WARN_64_TO_32_BIT_CONVERSION = YES;
				GCC_WARN_ABOUT_RETURN_TYPE = YES_ERROR;
				GCC_WARN_UNDECLARED_SELECTOR = YES;
				GCC_WARN_UNINITIALIZED_AUTOS = YES_AGGRESSIVE;
				GCC_WARN_UNUSED_FUNCTION = YES;
				GCC_WARN_UNUSED_VARIABLE = YES;
				IPHONEOS_DEPLOYMENT_TARGET = 9.2;
				MTL_ENABLE_DEBUG_INFO = YES;
				ONLY_ACTIVE_ARCH = YES;
				SDKROOT = iphoneos;
				SWIFT_OPTIMIZATION_LEVEL = "-Onone";
				TARGETED_DEVICE_FAMILY = "1,2";
			};
			name = Debug;
		};
		740B77C11C654AEA00433F4A /* Release */ = {
			isa = XCBuildConfiguration;
			buildSettings = {
				ALWAYS_SEARCH_USER_PATHS = NO;
				CLANG_CXX_LANGUAGE_STANDARD = "gnu++0x";
				CLANG_CXX_LIBRARY = "libc++";
				CLANG_ENABLE_MODULES = YES;
				CLANG_ENABLE_OBJC_ARC = YES;
				CLANG_WARN_BOOL_CONVERSION = YES;
				CLANG_WARN_CONSTANT_CONVERSION = YES;
				CLANG_WARN_DIRECT_OBJC_ISA_USAGE = YES_ERROR;
				CLANG_WARN_EMPTY_BODY = YES;
				CLANG_WARN_ENUM_CONVERSION = YES;
				CLANG_WARN_INT_CONVERSION = YES;
				CLANG_WARN_OBJC_ROOT_CLASS = YES_ERROR;
				CLANG_WARN_UNREACHABLE_CODE = YES;
				CLANG_WARN__DUPLICATE_METHOD_MATCH = YES;
				"CODE_SIGN_IDENTITY[sdk=iphoneos*]" = "iPhone Developer";
				COPY_PHASE_STRIP = NO;
				DEBUG_INFORMATION_FORMAT = "dwarf-with-dsym";
				ENABLE_NS_ASSERTIONS = NO;
				ENABLE_STRICT_OBJC_MSGSEND = YES;
				GCC_C_LANGUAGE_STANDARD = gnu99;
				GCC_NO_COMMON_BLOCKS = YES;
				GCC_WARN_64_TO_32_BIT_CONVERSION = YES;
				GCC_WARN_ABOUT_RETURN_TYPE = YES_ERROR;
				GCC_WARN_UNDECLARED_SELECTOR = YES;
				GCC_WARN_UNINITIALIZED_AUTOS = YES_AGGRESSIVE;
				GCC_WARN_UNUSED_FUNCTION = YES;
				GCC_WARN_UNUSED_VARIABLE = YES;
				IPHONEOS_DEPLOYMENT_TARGET = 9.2;
				MTL_ENABLE_DEBUG_INFO = NO;
				SDKROOT = iphoneos;
				TARGETED_DEVICE_FAMILY = "1,2";
				VALIDATE_PRODUCT = YES;
			};
			name = Release;
		};
		740B77C31C654AEA00433F4A /* Debug */ = {
			isa = XCBuildConfiguration;
			buildSettings = {
				ASSETCATALOG_COMPILER_APPICON_NAME = AppIcon;
				CODE_SIGN_IDENTITY = "iPhone Developer";
				"CODE_SIGN_IDENTITY[sdk=iphoneos*]" = "iPhone Developer";
				INFOPLIST_FILE = "Food Tracker/Info.plist";
				LD_RUNPATH_SEARCH_PATHS = "$(inherited) @executable_path/Frameworks";
				PRODUCT_BUNDLE_IDENTIFIER = "com.games.IsaacPerry.Food-Tracker";
				PRODUCT_NAME = "$(TARGET_NAME)";
				PROVISIONING_PROFILE = "";
			};
			name = Debug;
		};
		740B77C41C654AEA00433F4A /* Release */ = {
			isa = XCBuildConfiguration;
			buildSettings = {
				ASSETCATALOG_COMPILER_APPICON_NAME = AppIcon;
				CODE_SIGN_IDENTITY = "iPhone Developer";
				"CODE_SIGN_IDENTITY[sdk=iphoneos*]" = "iPhone Developer";
				INFOPLIST_FILE = "Food Tracker/Info.plist";
				LD_RUNPATH_SEARCH_PATHS = "$(inherited) @executable_path/Frameworks";
				PRODUCT_BUNDLE_IDENTIFIER = "com.games.IsaacPerry.Food-Tracker";
				PRODUCT_NAME = "$(TARGET_NAME)";
				PROVISIONING_PROFILE = "";
			};
			name = Release;
		};
		740B77C61C654AEA00433F4A /* Debug */ = {
			isa = XCBuildConfiguration;
			buildSettings = {
				BUNDLE_LOADER = "$(TEST_HOST)";
				INFOPLIST_FILE = "Food TrackerTests/Info.plist";
				LD_RUNPATH_SEARCH_PATHS = "$(inherited) @executable_path/Frameworks @loader_path/Frameworks";
				PRODUCT_BUNDLE_IDENTIFIER = "com.games.IsaacPerry.Food-TrackerTests";
				PRODUCT_NAME = "$(TARGET_NAME)";
				TEST_HOST = "$(BUILT_PRODUCTS_DIR)/Food Tracker.app/Food Tracker";
			};
			name = Debug;
		};
		740B77C71C654AEA00433F4A /* Release */ = {
			isa = XCBuildConfiguration;
			buildSettings = {
				BUNDLE_LOADER = "$(TEST_HOST)";
				INFOPLIST_FILE = "Food TrackerTests/Info.plist";
				LD_RUNPATH_SEARCH_PATHS = "$(inherited) @executable_path/Frameworks @loader_path/Frameworks";
				PRODUCT_BUNDLE_IDENTIFIER = "com.games.IsaacPerry.Food-TrackerTests";
				PRODUCT_NAME = "$(TARGET_NAME)";
				TEST_HOST = "$(BUILT_PRODUCTS_DIR)/Food Tracker.app/Food Tracker";
			};
			name = Release;
		};
/* End XCBuildConfiguration section */

/* Begin XCConfigurationList section */
		740B77A01C654AEA00433F4A /* Build configuration list for PBXProject "Food Tracker" */ = {
			isa = XCConfigurationList;
			buildConfigurations = (
				740B77C01C654AEA00433F4A /* Debug */,
				740B77C11C654AEA00433F4A /* Release */,
			);
			defaultConfigurationIsVisible = 0;
			defaultConfigurationName = Release;
		};
		740B77C21C654AEA00433F4A /* Build configuration list for PBXNativeTarget "Food Tracker" */ = {
			isa = XCConfigurationList;
			buildConfigurations = (
				740B77C31C654AEA00433F4A /* Debug */,
				740B77C41C654AEA00433F4A /* Release */,
			);
			defaultConfigurationIsVisible = 0;
			defaultConfigurationName = Release;
		};
		740B77C51C654AEA00433F4A /* Build configuration list for PBXNativeTarget "Food TrackerTests" */ = {
			isa = XCConfigurationList;
			buildConfigurations = (
				740B77C61C654AEA00433F4A /* Debug */,
				740B77C71C654AEA00433F4A /* Release */,
			);
			defaultConfigurationIsVisible = 0;
			defaultConfigurationName = Release;
		};
/* End XCConfigurationList section */
	};
	rootObject = 740B779D1C654AEA00433F4A /* Project object */;
}
